// !$*UTF8*$!
{
	archiveVersion = 1;
	classes = {
	};
	objectVersion = 48;
	objects = {

/* Begin PBXBuildFile section */
		69D0B5B06B7F6E33C7590971 /* Pods_ZZHxb.framework in Frameworks */ = {isa = PBXBuildFile; fileRef = F38D71056305AB893B5BCF7A /* Pods_ZZHxb.framework */; };
		8D352B6D1FF5DD1D003E5507 /* HXBSizeConfig.swift in Sources */ = {isa = PBXBuildFile; fileRef = 8D352B6C1FF5DD1D003E5507 /* HXBSizeConfig.swift */; };
		8D352B6F1FF5DD46003E5507 /* HXBNotificationConfig.swift in Sources */ = {isa = PBXBuildFile; fileRef = 8D352B6E1FF5DD46003E5507 /* HXBNotificationConfig.swift */; };
		8D352B731FFC7E48003E5507 /* HXBStartSignUpController.swift in Sources */ = {isa = PBXBuildFile; fileRef = 8D352B721FFC7E48003E5507 /* HXBStartSignUpController.swift */; };
		8D352B771FFCA7AC003E5507 /* HXBSignUpViewModel.swift in Sources */ = {isa = PBXBuildFile; fileRef = 8D352B761FFCA7AC003E5507 /* HXBSignUpViewModel.swift */; };
		8D3E61FA1FDF79DE008C8E67 /* AppDelegate.swift in Sources */ = {isa = PBXBuildFile; fileRef = 8D3E61F91FDF79DE008C8E67 /* AppDelegate.swift */; };
		8D3E62011FDF79DE008C8E67 /* Assets.xcassets in Resources */ = {isa = PBXBuildFile; fileRef = 8D3E62001FDF79DE008C8E67 /* Assets.xcassets */; };
		8D3E62201FDF7E62008C8E67 /* HXBAPI.swift in Sources */ = {isa = PBXBuildFile; fileRef = 8D3E621F1FDF7E62008C8E67 /* HXBAPI.swift */; };
		8D3E62361FDF8016008C8E67 /* HXBInvestController.swift in Sources */ = {isa = PBXBuildFile; fileRef = 8D3E62351FDF8016008C8E67 /* HXBInvestController.swift */; };
		8D3E62391FDF8038008C8E67 /* HXBMineController.swift in Sources */ = {isa = PBXBuildFile; fileRef = 8D3E62381FDF8038008C8E67 /* HXBMineController.swift */; };
		8D3E623B1FDF804C008C8E67 /* HXBHomeController.swift in Sources */ = {isa = PBXBuildFile; fileRef = 8D3E623A1FDF804C008C8E67 /* HXBHomeController.swift */; };
		8D3E623E1FDFB873008C8E67 /* HXBRootVCManager.swift in Sources */ = {isa = PBXBuildFile; fileRef = 8D3E623D1FDFB873008C8E67 /* HXBRootVCManager.swift */; };
		8D3E62401FDFB8B8008C8E67 /* HXBNetworkManager.swift in Sources */ = {isa = PBXBuildFile; fileRef = 8D3E623F1FDFB8B8008C8E67 /* HXBNetworkManager.swift */; };
		8D3E62421FDFB909008C8E67 /* HXBRequestApi.swift in Sources */ = {isa = PBXBuildFile; fileRef = 8D3E62411FDFB909008C8E67 /* HXBRequestApi.swift */; };
		8D3E624E1FE0F4DF008C8E67 /* tabbar_home.svg in Resources */ = {isa = PBXBuildFile; fileRef = 8D3E62481FE0F4DF008C8E67 /* tabbar_home.svg */; };
		8D3E624F1FE0F4DF008C8E67 /* tabbar_home_selected.svg in Resources */ = {isa = PBXBuildFile; fileRef = 8D3E62491FE0F4DF008C8E67 /* tabbar_home_selected.svg */; };
		8D3E62501FE0F4DF008C8E67 /* tabbar_investment.svg in Resources */ = {isa = PBXBuildFile; fileRef = 8D3E624A1FE0F4DF008C8E67 /* tabbar_investment.svg */; };
		8D3E62511FE0F4DF008C8E67 /* tabbar_investment_selected.svg in Resources */ = {isa = PBXBuildFile; fileRef = 8D3E624B1FE0F4DF008C8E67 /* tabbar_investment_selected.svg */; };
		8D3E62521FE0F4DF008C8E67 /* tabbar_mine.svg in Resources */ = {isa = PBXBuildFile; fileRef = 8D3E624C1FE0F4DF008C8E67 /* tabbar_mine.svg */; };
		8D3E62531FE0F4DF008C8E67 /* tabbar_mine_selected.svg in Resources */ = {isa = PBXBuildFile; fileRef = 8D3E624D1FE0F4DF008C8E67 /* tabbar_mine_selected.svg */; };
		8D3E62571FE119AD008C8E67 /* HXBColorFontConfig.swift in Sources */ = {isa = PBXBuildFile; fileRef = 8D3E62561FE119AD008C8E67 /* HXBColorFontConfig.swift */; };
		8D3E62591FE123B6008C8E67 /* HXBNetworkConfig.swift in Sources */ = {isa = PBXBuildFile; fileRef = 8D3E62581FE123B6008C8E67 /* HXBNetworkConfig.swift */; };
		8D3E625B1FE123EF008C8E67 /* HXBSVGUtil.swift in Sources */ = {isa = PBXBuildFile; fileRef = 8D3E625A1FE123EF008C8E67 /* HXBSVGUtil.swift */; };
		8D3E625D1FE12433008C8E67 /* HXBOtherConfig.swift in Sources */ = {isa = PBXBuildFile; fileRef = 8D3E625C1FE12433008C8E67 /* HXBOtherConfig.swift */; };
		8D69F7241FFDFC5B001A731A /* HXBHUD.swift in Sources */ = {isa = PBXBuildFile; fileRef = 8D69F7231FFDFC5B001A731A /* HXBHUD.swift */; };
		8D7F60D41FE7C383007FC57D /* HXBNetwork+Account.swift in Sources */ = {isa = PBXBuildFile; fileRef = 8D7F60D31FE7C383007FC57D /* HXBNetwork+Account.swift */; };
		8D7F60D61FE7C3B6007FC57D /* HXBNetwork.swift in Sources */ = {isa = PBXBuildFile; fileRef = 8D7F60D51FE7C3B6007FC57D /* HXBNetwork.swift */; };
		8D800AF31FE7CA4000694864 /* ZZAudioTool.swift in Sources */ = {isa = PBXBuildFile; fileRef = 8D800ACB1FE7CA3F00694864 /* ZZAudioTool.swift */; };
		8D800AF41FE7CA4000694864 /* ZZButton.swift in Sources */ = {isa = PBXBuildFile; fileRef = 8D800ACC1FE7CA3F00694864 /* ZZButton.swift */; };
		8D800AF51FE7CA4000694864 /* ZZCircleProgressView.swift in Sources */ = {isa = PBXBuildFile; fileRef = 8D800ACD1FE7CA3F00694864 /* ZZCircleProgressView.swift */; };
		8D800AF61FE7CA4000694864 /* ZZHud.swift in Sources */ = {isa = PBXBuildFile; fileRef = 8D800ACE1FE7CA3F00694864 /* ZZHud.swift */; };
		8D800AF81FE7CA4000694864 /* UIScrollView+ZZRefresh.swift in Sources */ = {isa = PBXBuildFile; fileRef = 8D800AD11FE7CA3F00694864 /* UIScrollView+ZZRefresh.swift */; };
		8D800AF91FE7CA4000694864 /* ZZRefresh.swift in Sources */ = {isa = PBXBuildFile; fileRef = 8D800AD21FE7CA3F00694864 /* ZZRefresh.swift */; };
		8D800AFA1FE7CA4000694864 /* ZZRefreshFooter.swift in Sources */ = {isa = PBXBuildFile; fileRef = 8D800AD31FE7CA3F00694864 /* ZZRefreshFooter.swift */; };
		8D800AFB1FE7CA4000694864 /* ZZRefreshHeader.swift in Sources */ = {isa = PBXBuildFile; fileRef = 8D800AD41FE7CA3F00694864 /* ZZRefreshHeader.swift */; };
		8D800AFC1FE7CA4000694864 /* ZZRefreshView.swift in Sources */ = {isa = PBXBuildFile; fileRef = 8D800AD51FE7CA3F00694864 /* ZZRefreshView.swift */; };
		8D800AFD1FE7CA4000694864 /* ZZLib.swift in Sources */ = {isa = PBXBuildFile; fileRef = 8D800AD61FE7CA3F00694864 /* ZZLib.swift */; };
		8D800AFE1FE7CA4000694864 /* Calendar+ZZExtension.swift in Sources */ = {isa = PBXBuildFile; fileRef = 8D800AD91FE7CA4000694864 /* Calendar+ZZExtension.swift */; };
		8D800AFF1FE7CA4000694864 /* CGRect+ZZExtension.swift in Sources */ = {isa = PBXBuildFile; fileRef = 8D800ADA1FE7CA4000694864 /* CGRect+ZZExtension.swift */; };
		8D800B001FE7CA4000694864 /* Data+ZZExtension.swift in Sources */ = {isa = PBXBuildFile; fileRef = 8D800ADB1FE7CA4000694864 /* Data+ZZExtension.swift */; };
		8D800B011FE7CA4000694864 /* Date+ZZExtension.swift in Sources */ = {isa = PBXBuildFile; fileRef = 8D800ADC1FE7CA4000694864 /* Date+ZZExtension.swift */; };
		8D800B021FE7CA4000694864 /* DateFormatter+ZZExtension.swift in Sources */ = {isa = PBXBuildFile; fileRef = 8D800ADD1FE7CA4000694864 /* DateFormatter+ZZExtension.swift */; };
		8D800B031FE7CA4000694864 /* DispatchQueue+ZZExtension.swift in Sources */ = {isa = PBXBuildFile; fileRef = 8D800ADE1FE7CA4000694864 /* DispatchQueue+ZZExtension.swift */; };
		8D800B041FE7CA4000694864 /* Locale+ZZExtension.swift in Sources */ = {isa = PBXBuildFile; fileRef = 8D800ADF1FE7CA4000694864 /* Locale+ZZExtension.swift */; };
		8D800B051FE7CA4000694864 /* NSNumber+ZZExtension.swift in Sources */ = {isa = PBXBuildFile; fileRef = 8D800AE01FE7CA4000694864 /* NSNumber+ZZExtension.swift */; };
		8D800B061FE7CA4000694864 /* NSObject+ZZExtension.swift in Sources */ = {isa = PBXBuildFile; fileRef = 8D800AE11FE7CA4000694864 /* NSObject+ZZExtension.swift */; };
		8D800B071FE7CA4000694864 /* String+ZZExtension.swift in Sources */ = {isa = PBXBuildFile; fileRef = 8D800AE21FE7CA4000694864 /* String+ZZExtension.swift */; };
		8D800B081FE7CA4000694864 /* UIAlertController+ZZExtension.swift in Sources */ = {isa = PBXBuildFile; fileRef = 8D800AE41FE7CA4000694864 /* UIAlertController+ZZExtension.swift */; };
		8D800B091FE7CA4000694864 /* UIApplication+ZZExtension.swift in Sources */ = {isa = PBXBuildFile; fileRef = 8D800AE51FE7CA4000694864 /* UIApplication+ZZExtension.swift */; };
		8D800B0A1FE7CA4000694864 /* UIButton+ZZExtension.swift in Sources */ = {isa = PBXBuildFile; fileRef = 8D800AE61FE7CA4000694864 /* UIButton+ZZExtension.swift */; };
		8D800B0B1FE7CA4000694864 /* UIColor+ZZExtension.swift in Sources */ = {isa = PBXBuildFile; fileRef = 8D800AE71FE7CA4000694864 /* UIColor+ZZExtension.swift */; };
		8D800B0C1FE7CA4000694864 /* UIDevice+ZZExtension.swift in Sources */ = {isa = PBXBuildFile; fileRef = 8D800AE81FE7CA4000694864 /* UIDevice+ZZExtension.swift */; };
		8D800B0D1FE7CA4000694864 /* UIFont+ZZExtension.swift in Sources */ = {isa = PBXBuildFile; fileRef = 8D800AE91FE7CA4000694864 /* UIFont+ZZExtension.swift */; };
		8D800B0E1FE7CA4000694864 /* UIImage+ZZExtension.swift in Sources */ = {isa = PBXBuildFile; fileRef = 8D800AEA1FE7CA4000694864 /* UIImage+ZZExtension.swift */; };
		8D800B0F1FE7CA4000694864 /* UIImageView+ZZExtension.swift in Sources */ = {isa = PBXBuildFile; fileRef = 8D800AEB1FE7CA4000694864 /* UIImageView+ZZExtension.swift */; };
		8D800B101FE7CA4000694864 /* UILabel+ZZExtension.swift in Sources */ = {isa = PBXBuildFile; fileRef = 8D800AEC1FE7CA4000694864 /* UILabel+ZZExtension.swift */; };
		8D800B111FE7CA4000694864 /* UISceen+ZZExtension.swift in Sources */ = {isa = PBXBuildFile; fileRef = 8D800AED1FE7CA4000694864 /* UISceen+ZZExtension.swift */; };
		8D800B121FE7CA4000694864 /* UIScrollView+ZZExtension.swift in Sources */ = {isa = PBXBuildFile; fileRef = 8D800AEE1FE7CA4000694864 /* UIScrollView+ZZExtension.swift */; };
		8D800B131FE7CA4000694864 /* UITableView+ZZExtension.swift in Sources */ = {isa = PBXBuildFile; fileRef = 8D800AEF1FE7CA4000694864 /* UITableView+ZZExtension.swift */; };
		8D800B141FE7CA4000694864 /* UITextField+ZZExtension.swift in Sources */ = {isa = PBXBuildFile; fileRef = 8D800AF01FE7CA4000694864 /* UITextField+ZZExtension.swift */; };
		8D800B151FE7CA4000694864 /* UIView+ZZExtension.swift in Sources */ = {isa = PBXBuildFile; fileRef = 8D800AF11FE7CA4000694864 /* UIView+ZZExtension.swift */; };
		8D800B161FE7CA4000694864 /* ZZCollection.swift in Sources */ = {isa = PBXBuildFile; fileRef = 8D800AF21FE7CA4000694864 /* ZZCollection.swift */; };
		8DCC1D9B1FE9002E00FEA8EF /* HXBSignInController.swift in Sources */ = {isa = PBXBuildFile; fileRef = 8DCC1D9A1FE9002E00FEA8EF /* HXBSignInController.swift */; };
		8DCC1D9F1FE91E9300FEA8EF /* UIViewController+HXB.swift in Sources */ = {isa = PBXBuildFile; fileRef = 8DCC1D9E1FE91E9300FEA8EF /* UIViewController+HXB.swift */; };
		8DCC1DA31FE9FC3900FEA8EF /* HXBSignUpController.swift in Sources */ = {isa = PBXBuildFile; fileRef = 8DCC1DA21FE9FC3900FEA8EF /* HXBSignUpController.swift */; };
		8DCC1DA51FEA065800FEA8EF /* HXBSingleWaveView.swift in Sources */ = {isa = PBXBuildFile; fileRef = 8DCC1DA41FEA065800FEA8EF /* HXBSingleWaveView.swift */; };
		8DCC1DA71FEA06B200FEA8EF /* HXBNavWaveView.swift in Sources */ = {isa = PBXBuildFile; fileRef = 8DCC1DA61FEA06B200FEA8EF /* HXBNavWaveView.swift */; };
		8DCC1DB31FEA087700FEA8EF /* HXBNavigationController.swift in Sources */ = {isa = PBXBuildFile; fileRef = 8DCC1DA91FEA087500FEA8EF /* HXBNavigationController.swift */; };
		8DCC1DB41FEA087700FEA8EF /* HXBTabBarController.swift in Sources */ = {isa = PBXBuildFile; fileRef = 8DCC1DAA1FEA087500FEA8EF /* HXBTabBarController.swift */; };
		8DCC1DB51FEA087700FEA8EF /* HXBViewController.swift in Sources */ = {isa = PBXBuildFile; fileRef = 8DCC1DAB1FEA087500FEA8EF /* HXBViewController.swift */; };
		8DCC1DB61FEA087700FEA8EF /* HXBSettingTableViewCell.swift in Sources */ = {isa = PBXBuildFile; fileRef = 8DCC1DAD1FEA087600FEA8EF /* HXBSettingTableViewCell.swift */; };
		8DCC1DB71FEA087700FEA8EF /* HXBTableView.swift in Sources */ = {isa = PBXBuildFile; fileRef = 8DCC1DAE1FEA087600FEA8EF /* HXBTableView.swift */; };
		8DCC1DB81FEA087700FEA8EF /* HXBViewModel.swift in Sources */ = {isa = PBXBuildFile; fileRef = 8DCC1DB01FEA087600FEA8EF /* HXBViewModel.swift */; };
		8DCC1DB91FEA087700FEA8EF /* HXBModel.swift in Sources */ = {isa = PBXBuildFile; fileRef = 8DCC1DB21FEA087600FEA8EF /* HXBModel.swift */; };
		8DCC1DBB1FEA08FF00FEA8EF /* HXBInputFieldView.swift in Sources */ = {isa = PBXBuildFile; fileRef = 8DCC1DBA1FEA08FF00FEA8EF /* HXBInputFieldView.swift */; };
		8DCC1DBF1FEA0A0400FEA8EF /* UIImageView+HXB.swift in Sources */ = {isa = PBXBuildFile; fileRef = 8DCC1DBE1FEA0A0400FEA8EF /* UIImageView+HXB.swift */; };
		8DCC1DC11FEA3F5900FEA8EF /* UIButton+HXB.swift in Sources */ = {isa = PBXBuildFile; fileRef = 8DCC1DC01FEA3F5900FEA8EF /* UIButton+HXB.swift */; };
		8DE9140C1FE22B9D00FAEE68 /* HXBMineCell.swift in Sources */ = {isa = PBXBuildFile; fileRef = 8DE9140B1FE22B9D00FAEE68 /* HXBMineCell.swift */; };
		8DE9140E1FE22EF800FAEE68 /* HXBMineViewModel.swift in Sources */ = {isa = PBXBuildFile; fileRef = 8DE9140D1FE22EF800FAEE68 /* HXBMineViewModel.swift */; };
		8DE914101FE22F9C00FAEE68 /* HXBMineCellModel.swift in Sources */ = {isa = PBXBuildFile; fileRef = 8DE9140F1FE22F9C00FAEE68 /* HXBMineCellModel.swift */; };
		8DE914121FE2478A00FAEE68 /* UIView+HXB.swift in Sources */ = {isa = PBXBuildFile; fileRef = 8DE914111FE2478A00FAEE68 /* UIView+HXB.swift */; };
		8DE914141FE24CF700FAEE68 /* HXBMineHeaderView.swift in Sources */ = {isa = PBXBuildFile; fileRef = 8DE914131FE24CF700FAEE68 /* HXBMineHeaderView.swift */; };
		8DE914161FE2527B00FAEE68 /* UILabel+HXB.swift in Sources */ = {isa = PBXBuildFile; fileRef = 8DE914151FE2527B00FAEE68 /* UILabel+HXB.swift */; };
		8DE9141A1FE3BECB00FAEE68 /* UIImage+HXB.swift in Sources */ = {isa = PBXBuildFile; fileRef = 8DE914191FE3BECB00FAEE68 /* UIImage+HXB.swift */; };
		8DE9141E1FE3C97E00FAEE68 /* HXBNetworkError.swift in Sources */ = {isa = PBXBuildFile; fileRef = 8DE9141D1FE3C97E00FAEE68 /* HXBNetworkError.swift */; };
		8DE914201FE3D14000FAEE68 /* HXBNetworkHUDDelegate.swift in Sources */ = {isa = PBXBuildFile; fileRef = 8DE9141F1FE3D14000FAEE68 /* HXBNetworkHUDDelegate.swift */; };
		8DE914221FE3D59D00FAEE68 /* HXBNetActivityManager.swift in Sources */ = {isa = PBXBuildFile; fileRef = 8DE914211FE3D59D00FAEE68 /* HXBNetActivityManager.swift */; };
		8DE914291FE76E2100FAEE68 /* HXBKeyChain.swift in Sources */ = {isa = PBXBuildFile; fileRef = 8DE914281FE76E2000FAEE68 /* HXBKeyChain.swift */; };
		8DFF64D41FFCB26D007D462D /* JSON+HXB.swift in Sources */ = {isa = PBXBuildFile; fileRef = 8DFF64D31FFCB26D007D462D /* JSON+HXB.swift */; };
		8DFF64D61FFCC582007D462D /* HXBNetwork+SignInSignUp.swift in Sources */ = {isa = PBXBuildFile; fileRef = 8DFF64D51FFCC582007D462D /* HXBNetwork+SignInSignUp.swift */; };
		8DFF64D81FFCD5A7007D462D /* HXBCaptchaValidateView.swift in Sources */ = {isa = PBXBuildFile; fileRef = 8DFF64D71FFCD5A7007D462D /* HXBCaptchaValidateView.swift */; };
		8DFF64DA1FFCEDDE007D462D /* HXBNetwork+Common.swift in Sources */ = {isa = PBXBuildFile; fileRef = 8DFF64D91FFCEDDE007D462D /* HXBNetwork+Common.swift */; };
/* End PBXBuildFile section */

/* Begin PBXFileReference section */
		46746D003AF7626FB602C0DA /* Pods-ZZHxb.release.xcconfig */ = {isa = PBXFileReference; includeInIndex = 1; lastKnownFileType = text.xcconfig; name = "Pods-ZZHxb.release.xcconfig"; path = "Pods/Target Support Files/Pods-ZZHxb/Pods-ZZHxb.release.xcconfig"; sourceTree = "<group>"; };
		867F36994E02F68D827A3BCC /* Pods-ZZHxb.debug.xcconfig */ = {isa = PBXFileReference; includeInIndex = 1; lastKnownFileType = text.xcconfig; name = "Pods-ZZHxb.debug.xcconfig"; path = "Pods/Target Support Files/Pods-ZZHxb/Pods-ZZHxb.debug.xcconfig"; sourceTree = "<group>"; };
		8D352B6C1FF5DD1D003E5507 /* HXBSizeConfig.swift */ = {isa = PBXFileReference; lastKnownFileType = sourcecode.swift; path = HXBSizeConfig.swift; sourceTree = "<group>"; };
		8D352B6E1FF5DD46003E5507 /* HXBNotificationConfig.swift */ = {isa = PBXFileReference; lastKnownFileType = sourcecode.swift; path = HXBNotificationConfig.swift; sourceTree = "<group>"; };
		8D352B721FFC7E48003E5507 /* HXBStartSignUpController.swift */ = {isa = PBXFileReference; lastKnownFileType = sourcecode.swift; path = HXBStartSignUpController.swift; sourceTree = "<group>"; };
		8D352B761FFCA7AC003E5507 /* HXBSignUpViewModel.swift */ = {isa = PBXFileReference; lastKnownFileType = sourcecode.swift; path = HXBSignUpViewModel.swift; sourceTree = "<group>"; };
		8D3E61F61FDF79DE008C8E67 /* ZZHxb.app */ = {isa = PBXFileReference; explicitFileType = wrapper.application; includeInIndex = 0; path = ZZHxb.app; sourceTree = BUILT_PRODUCTS_DIR; };
		8D3E61F91FDF79DE008C8E67 /* AppDelegate.swift */ = {isa = PBXFileReference; lastKnownFileType = sourcecode.swift; path = AppDelegate.swift; sourceTree = "<group>"; };
		8D3E62001FDF79DE008C8E67 /* Assets.xcassets */ = {isa = PBXFileReference; lastKnownFileType = folder.assetcatalog; path = Assets.xcassets; sourceTree = "<group>"; };
		8D3E62051FDF79DE008C8E67 /* Info.plist */ = {isa = PBXFileReference; lastKnownFileType = text.plist.xml; path = Info.plist; sourceTree = "<group>"; };
		8D3E621F1FDF7E62008C8E67 /* HXBAPI.swift */ = {isa = PBXFileReference; lastKnownFileType = sourcecode.swift; path = HXBAPI.swift; sourceTree = "<group>"; };
		8D3E62351FDF8016008C8E67 /* HXBInvestController.swift */ = {isa = PBXFileReference; lastKnownFileType = sourcecode.swift; path = HXBInvestController.swift; sourceTree = "<group>"; };
		8D3E62381FDF8038008C8E67 /* HXBMineController.swift */ = {isa = PBXFileReference; lastKnownFileType = sourcecode.swift; path = HXBMineController.swift; sourceTree = "<group>"; };
		8D3E623A1FDF804C008C8E67 /* HXBHomeController.swift */ = {isa = PBXFileReference; lastKnownFileType = sourcecode.swift; path = HXBHomeController.swift; sourceTree = "<group>"; };
		8D3E623D1FDFB873008C8E67 /* HXBRootVCManager.swift */ = {isa = PBXFileReference; lastKnownFileType = sourcecode.swift; path = HXBRootVCManager.swift; sourceTree = "<group>"; };
		8D3E623F1FDFB8B8008C8E67 /* HXBNetworkManager.swift */ = {isa = PBXFileReference; lastKnownFileType = sourcecode.swift; path = HXBNetworkManager.swift; sourceTree = "<group>"; };
		8D3E62411FDFB909008C8E67 /* HXBRequestApi.swift */ = {isa = PBXFileReference; lastKnownFileType = sourcecode.swift; path = HXBRequestApi.swift; sourceTree = "<group>"; };
		8D3E62481FE0F4DF008C8E67 /* tabbar_home.svg */ = {isa = PBXFileReference; fileEncoding = 4; lastKnownFileType = text.xml; path = tabbar_home.svg; sourceTree = "<group>"; };
		8D3E62491FE0F4DF008C8E67 /* tabbar_home_selected.svg */ = {isa = PBXFileReference; fileEncoding = 4; lastKnownFileType = text.xml; path = tabbar_home_selected.svg; sourceTree = "<group>"; };
		8D3E624A1FE0F4DF008C8E67 /* tabbar_investment.svg */ = {isa = PBXFileReference; fileEncoding = 4; lastKnownFileType = text.xml; path = tabbar_investment.svg; sourceTree = "<group>"; };
		8D3E624B1FE0F4DF008C8E67 /* tabbar_investment_selected.svg */ = {isa = PBXFileReference; fileEncoding = 4; lastKnownFileType = text.xml; path = tabbar_investment_selected.svg; sourceTree = "<group>"; };
		8D3E624C1FE0F4DF008C8E67 /* tabbar_mine.svg */ = {isa = PBXFileReference; fileEncoding = 4; lastKnownFileType = text.xml; path = tabbar_mine.svg; sourceTree = "<group>"; };
		8D3E624D1FE0F4DF008C8E67 /* tabbar_mine_selected.svg */ = {isa = PBXFileReference; fileEncoding = 4; lastKnownFileType = text.xml; path = tabbar_mine_selected.svg; sourceTree = "<group>"; };
		8D3E62561FE119AD008C8E67 /* HXBColorFontConfig.swift */ = {isa = PBXFileReference; lastKnownFileType = sourcecode.swift; path = HXBColorFontConfig.swift; sourceTree = "<group>"; };
		8D3E62581FE123B6008C8E67 /* HXBNetworkConfig.swift */ = {isa = PBXFileReference; lastKnownFileType = sourcecode.swift; path = HXBNetworkConfig.swift; sourceTree = "<group>"; };
		8D3E625A1FE123EF008C8E67 /* HXBSVGUtil.swift */ = {isa = PBXFileReference; lastKnownFileType = sourcecode.swift; path = HXBSVGUtil.swift; sourceTree = "<group>"; };
		8D3E625C1FE12433008C8E67 /* HXBOtherConfig.swift */ = {isa = PBXFileReference; lastKnownFileType = sourcecode.swift; path = HXBOtherConfig.swift; sourceTree = "<group>"; };
		8D69F7231FFDFC5B001A731A /* HXBHUD.swift */ = {isa = PBXFileReference; lastKnownFileType = sourcecode.swift; path = HXBHUD.swift; sourceTree = "<group>"; };
		8D7F60D31FE7C383007FC57D /* HXBNetwork+Account.swift */ = {isa = PBXFileReference; lastKnownFileType = sourcecode.swift; path = "HXBNetwork+Account.swift"; sourceTree = "<group>"; };
		8D7F60D51FE7C3B6007FC57D /* HXBNetwork.swift */ = {isa = PBXFileReference; lastKnownFileType = sourcecode.swift; path = HXBNetwork.swift; sourceTree = "<group>"; };
		8D800ACB1FE7CA3F00694864 /* ZZAudioTool.swift */ = {isa = PBXFileReference; fileEncoding = 4; lastKnownFileType = sourcecode.swift; path = ZZAudioTool.swift; sourceTree = "<group>"; };
		8D800ACC1FE7CA3F00694864 /* ZZButton.swift */ = {isa = PBXFileReference; fileEncoding = 4; lastKnownFileType = sourcecode.swift; path = ZZButton.swift; sourceTree = "<group>"; };
		8D800ACD1FE7CA3F00694864 /* ZZCircleProgressView.swift */ = {isa = PBXFileReference; fileEncoding = 4; lastKnownFileType = sourcecode.swift; path = ZZCircleProgressView.swift; sourceTree = "<group>"; };
		8D800ACE1FE7CA3F00694864 /* ZZHud.swift */ = {isa = PBXFileReference; fileEncoding = 4; lastKnownFileType = sourcecode.swift; path = ZZHud.swift; sourceTree = "<group>"; };
		8D800AD11FE7CA3F00694864 /* UIScrollView+ZZRefresh.swift */ = {isa = PBXFileReference; fileEncoding = 4; lastKnownFileType = sourcecode.swift; path = "UIScrollView+ZZRefresh.swift"; sourceTree = "<group>"; };
		8D800AD21FE7CA3F00694864 /* ZZRefresh.swift */ = {isa = PBXFileReference; fileEncoding = 4; lastKnownFileType = sourcecode.swift; path = ZZRefresh.swift; sourceTree = "<group>"; };
		8D800AD31FE7CA3F00694864 /* ZZRefreshFooter.swift */ = {isa = PBXFileReference; fileEncoding = 4; lastKnownFileType = sourcecode.swift; path = ZZRefreshFooter.swift; sourceTree = "<group>"; };
		8D800AD41FE7CA3F00694864 /* ZZRefreshHeader.swift */ = {isa = PBXFileReference; fileEncoding = 4; lastKnownFileType = sourcecode.swift; path = ZZRefreshHeader.swift; sourceTree = "<group>"; };
		8D800AD51FE7CA3F00694864 /* ZZRefreshView.swift */ = {isa = PBXFileReference; fileEncoding = 4; lastKnownFileType = sourcecode.swift; path = ZZRefreshView.swift; sourceTree = "<group>"; };
		8D800AD61FE7CA3F00694864 /* ZZLib.swift */ = {isa = PBXFileReference; fileEncoding = 4; lastKnownFileType = sourcecode.swift; name = ZZLib.swift; path = ../../../../../../../../../Documents/github_lib/ZZLib/Source/ZZLib.swift; sourceTree = "<group>"; };
		8D800AD91FE7CA4000694864 /* Calendar+ZZExtension.swift */ = {isa = PBXFileReference; fileEncoding = 4; lastKnownFileType = sourcecode.swift; path = "Calendar+ZZExtension.swift"; sourceTree = "<group>"; };
		8D800ADA1FE7CA4000694864 /* CGRect+ZZExtension.swift */ = {isa = PBXFileReference; fileEncoding = 4; lastKnownFileType = sourcecode.swift; path = "CGRect+ZZExtension.swift"; sourceTree = "<group>"; };
		8D800ADB1FE7CA4000694864 /* Data+ZZExtension.swift */ = {isa = PBXFileReference; fileEncoding = 4; lastKnownFileType = sourcecode.swift; path = "Data+ZZExtension.swift"; sourceTree = "<group>"; };
		8D800ADC1FE7CA4000694864 /* Date+ZZExtension.swift */ = {isa = PBXFileReference; fileEncoding = 4; lastKnownFileType = sourcecode.swift; path = "Date+ZZExtension.swift"; sourceTree = "<group>"; };
		8D800ADD1FE7CA4000694864 /* DateFormatter+ZZExtension.swift */ = {isa = PBXFileReference; fileEncoding = 4; lastKnownFileType = sourcecode.swift; path = "DateFormatter+ZZExtension.swift"; sourceTree = "<group>"; };
		8D800ADE1FE7CA4000694864 /* DispatchQueue+ZZExtension.swift */ = {isa = PBXFileReference; fileEncoding = 4; lastKnownFileType = sourcecode.swift; path = "DispatchQueue+ZZExtension.swift"; sourceTree = "<group>"; };
		8D800ADF1FE7CA4000694864 /* Locale+ZZExtension.swift */ = {isa = PBXFileReference; fileEncoding = 4; lastKnownFileType = sourcecode.swift; path = "Locale+ZZExtension.swift"; sourceTree = "<group>"; };
		8D800AE01FE7CA4000694864 /* NSNumber+ZZExtension.swift */ = {isa = PBXFileReference; fileEncoding = 4; lastKnownFileType = sourcecode.swift; path = "NSNumber+ZZExtension.swift"; sourceTree = "<group>"; };
		8D800AE11FE7CA4000694864 /* NSObject+ZZExtension.swift */ = {isa = PBXFileReference; fileEncoding = 4; lastKnownFileType = sourcecode.swift; path = "NSObject+ZZExtension.swift"; sourceTree = "<group>"; };
		8D800AE21FE7CA4000694864 /* String+ZZExtension.swift */ = {isa = PBXFileReference; fileEncoding = 4; lastKnownFileType = sourcecode.swift; path = "String+ZZExtension.swift"; sourceTree = "<group>"; };
		8D800AE41FE7CA4000694864 /* UIAlertController+ZZExtension.swift */ = {isa = PBXFileReference; fileEncoding = 4; lastKnownFileType = sourcecode.swift; path = "UIAlertController+ZZExtension.swift"; sourceTree = "<group>"; };
		8D800AE51FE7CA4000694864 /* UIApplication+ZZExtension.swift */ = {isa = PBXFileReference; fileEncoding = 4; lastKnownFileType = sourcecode.swift; path = "UIApplication+ZZExtension.swift"; sourceTree = "<group>"; };
		8D800AE61FE7CA4000694864 /* UIButton+ZZExtension.swift */ = {isa = PBXFileReference; fileEncoding = 4; lastKnownFileType = sourcecode.swift; path = "UIButton+ZZExtension.swift"; sourceTree = "<group>"; };
		8D800AE71FE7CA4000694864 /* UIColor+ZZExtension.swift */ = {isa = PBXFileReference; fileEncoding = 4; lastKnownFileType = sourcecode.swift; path = "UIColor+ZZExtension.swift"; sourceTree = "<group>"; };
		8D800AE81FE7CA4000694864 /* UIDevice+ZZExtension.swift */ = {isa = PBXFileReference; fileEncoding = 4; lastKnownFileType = sourcecode.swift; path = "UIDevice+ZZExtension.swift"; sourceTree = "<group>"; };
		8D800AE91FE7CA4000694864 /* UIFont+ZZExtension.swift */ = {isa = PBXFileReference; fileEncoding = 4; lastKnownFileType = sourcecode.swift; path = "UIFont+ZZExtension.swift"; sourceTree = "<group>"; };
		8D800AEA1FE7CA4000694864 /* UIImage+ZZExtension.swift */ = {isa = PBXFileReference; fileEncoding = 4; lastKnownFileType = sourcecode.swift; path = "UIImage+ZZExtension.swift"; sourceTree = "<group>"; };
		8D800AEB1FE7CA4000694864 /* UIImageView+ZZExtension.swift */ = {isa = PBXFileReference; fileEncoding = 4; lastKnownFileType = sourcecode.swift; path = "UIImageView+ZZExtension.swift"; sourceTree = "<group>"; };
		8D800AEC1FE7CA4000694864 /* UILabel+ZZExtension.swift */ = {isa = PBXFileReference; fileEncoding = 4; lastKnownFileType = sourcecode.swift; path = "UILabel+ZZExtension.swift"; sourceTree = "<group>"; };
		8D800AED1FE7CA4000694864 /* UISceen+ZZExtension.swift */ = {isa = PBXFileReference; fileEncoding = 4; lastKnownFileType = sourcecode.swift; path = "UISceen+ZZExtension.swift"; sourceTree = "<group>"; };
		8D800AEE1FE7CA4000694864 /* UIScrollView+ZZExtension.swift */ = {isa = PBXFileReference; fileEncoding = 4; lastKnownFileType = sourcecode.swift; path = "UIScrollView+ZZExtension.swift"; sourceTree = "<group>"; };
		8D800AEF1FE7CA4000694864 /* UITableView+ZZExtension.swift */ = {isa = PBXFileReference; fileEncoding = 4; lastKnownFileType = sourcecode.swift; path = "UITableView+ZZExtension.swift"; sourceTree = "<group>"; };
		8D800AF01FE7CA4000694864 /* UITextField+ZZExtension.swift */ = {isa = PBXFileReference; fileEncoding = 4; lastKnownFileType = sourcecode.swift; path = "UITextField+ZZExtension.swift"; sourceTree = "<group>"; };
		8D800AF11FE7CA4000694864 /* UIView+ZZExtension.swift */ = {isa = PBXFileReference; fileEncoding = 4; lastKnownFileType = sourcecode.swift; path = "UIView+ZZExtension.swift"; sourceTree = "<group>"; };
		8D800AF21FE7CA4000694864 /* ZZCollection.swift */ = {isa = PBXFileReference; fileEncoding = 4; lastKnownFileType = sourcecode.swift; name = ZZCollection.swift; path = ../../../../../../../../../Documents/github_lib/ZZLib/Source/ZZCollection.swift; sourceTree = "<group>"; };
		8DCC1D9A1FE9002E00FEA8EF /* HXBSignInController.swift */ = {isa = PBXFileReference; lastKnownFileType = sourcecode.swift; path = HXBSignInController.swift; sourceTree = "<group>"; };
		8DCC1D9E1FE91E9300FEA8EF /* UIViewController+HXB.swift */ = {isa = PBXFileReference; lastKnownFileType = sourcecode.swift; path = "UIViewController+HXB.swift"; sourceTree = "<group>"; };
		8DCC1DA21FE9FC3900FEA8EF /* HXBSignUpController.swift */ = {isa = PBXFileReference; lastKnownFileType = sourcecode.swift; path = HXBSignUpController.swift; sourceTree = "<group>"; };
		8DCC1DA41FEA065800FEA8EF /* HXBSingleWaveView.swift */ = {isa = PBXFileReference; lastKnownFileType = sourcecode.swift; path = HXBSingleWaveView.swift; sourceTree = "<group>"; };
		8DCC1DA61FEA06B200FEA8EF /* HXBNavWaveView.swift */ = {isa = PBXFileReference; lastKnownFileType = sourcecode.swift; path = HXBNavWaveView.swift; sourceTree = "<group>"; };
		8DCC1DA91FEA087500FEA8EF /* HXBNavigationController.swift */ = {isa = PBXFileReference; fileEncoding = 4; lastKnownFileType = sourcecode.swift; path = HXBNavigationController.swift; sourceTree = "<group>"; };
		8DCC1DAA1FEA087500FEA8EF /* HXBTabBarController.swift */ = {isa = PBXFileReference; fileEncoding = 4; lastKnownFileType = sourcecode.swift; path = HXBTabBarController.swift; sourceTree = "<group>"; };
		8DCC1DAB1FEA087500FEA8EF /* HXBViewController.swift */ = {isa = PBXFileReference; fileEncoding = 4; lastKnownFileType = sourcecode.swift; path = HXBViewController.swift; sourceTree = "<group>"; };
		8DCC1DAD1FEA087600FEA8EF /* HXBSettingTableViewCell.swift */ = {isa = PBXFileReference; fileEncoding = 4; lastKnownFileType = sourcecode.swift; path = HXBSettingTableViewCell.swift; sourceTree = "<group>"; };
		8DCC1DAE1FEA087600FEA8EF /* HXBTableView.swift */ = {isa = PBXFileReference; fileEncoding = 4; lastKnownFileType = sourcecode.swift; path = HXBTableView.swift; sourceTree = "<group>"; };
		8DCC1DB01FEA087600FEA8EF /* HXBViewModel.swift */ = {isa = PBXFileReference; fileEncoding = 4; lastKnownFileType = sourcecode.swift; path = HXBViewModel.swift; sourceTree = "<group>"; };
		8DCC1DB21FEA087600FEA8EF /* HXBModel.swift */ = {isa = PBXFileReference; fileEncoding = 4; lastKnownFileType = sourcecode.swift; path = HXBModel.swift; sourceTree = "<group>"; };
		8DCC1DBA1FEA08FF00FEA8EF /* HXBInputFieldView.swift */ = {isa = PBXFileReference; lastKnownFileType = sourcecode.swift; path = HXBInputFieldView.swift; sourceTree = "<group>"; };
		8DCC1DBE1FEA0A0400FEA8EF /* UIImageView+HXB.swift */ = {isa = PBXFileReference; lastKnownFileType = sourcecode.swift; path = "UIImageView+HXB.swift"; sourceTree = "<group>"; };
		8DCC1DC01FEA3F5900FEA8EF /* UIButton+HXB.swift */ = {isa = PBXFileReference; lastKnownFileType = sourcecode.swift; path = "UIButton+HXB.swift"; sourceTree = "<group>"; };
		8DE9140B1FE22B9D00FAEE68 /* HXBMineCell.swift */ = {isa = PBXFileReference; lastKnownFileType = sourcecode.swift; path = HXBMineCell.swift; sourceTree = "<group>"; };
		8DE9140D1FE22EF800FAEE68 /* HXBMineViewModel.swift */ = {isa = PBXFileReference; lastKnownFileType = sourcecode.swift; path = HXBMineViewModel.swift; sourceTree = "<group>"; };
		8DE9140F1FE22F9C00FAEE68 /* HXBMineCellModel.swift */ = {isa = PBXFileReference; lastKnownFileType = sourcecode.swift; path = HXBMineCellModel.swift; sourceTree = "<group>"; };
		8DE914111FE2478A00FAEE68 /* UIView+HXB.swift */ = {isa = PBXFileReference; lastKnownFileType = sourcecode.swift; path = "UIView+HXB.swift"; sourceTree = "<group>"; };
		8DE914131FE24CF700FAEE68 /* HXBMineHeaderView.swift */ = {isa = PBXFileReference; lastKnownFileType = sourcecode.swift; path = HXBMineHeaderView.swift; sourceTree = "<group>"; };
		8DE914151FE2527B00FAEE68 /* UILabel+HXB.swift */ = {isa = PBXFileReference; lastKnownFileType = sourcecode.swift; path = "UILabel+HXB.swift"; sourceTree = "<group>"; };
		8DE914191FE3BECB00FAEE68 /* UIImage+HXB.swift */ = {isa = PBXFileReference; lastKnownFileType = sourcecode.swift; path = "UIImage+HXB.swift"; sourceTree = "<group>"; };
		8DE9141D1FE3C97E00FAEE68 /* HXBNetworkError.swift */ = {isa = PBXFileReference; lastKnownFileType = sourcecode.swift; path = HXBNetworkError.swift; sourceTree = "<group>"; };
		8DE9141F1FE3D14000FAEE68 /* HXBNetworkHUDDelegate.swift */ = {isa = PBXFileReference; lastKnownFileType = sourcecode.swift; path = HXBNetworkHUDDelegate.swift; sourceTree = "<group>"; };
		8DE914211FE3D59D00FAEE68 /* HXBNetActivityManager.swift */ = {isa = PBXFileReference; lastKnownFileType = sourcecode.swift; path = HXBNetActivityManager.swift; sourceTree = "<group>"; };
		8DE914281FE76E2000FAEE68 /* HXBKeyChain.swift */ = {isa = PBXFileReference; fileEncoding = 4; lastKnownFileType = sourcecode.swift; path = HXBKeyChain.swift; sourceTree = "<group>"; };
		8DFF64D31FFCB26D007D462D /* JSON+HXB.swift */ = {isa = PBXFileReference; lastKnownFileType = sourcecode.swift; path = "JSON+HXB.swift"; sourceTree = "<group>"; };
		8DFF64D51FFCC582007D462D /* HXBNetwork+SignInSignUp.swift */ = {isa = PBXFileReference; lastKnownFileType = sourcecode.swift; path = "HXBNetwork+SignInSignUp.swift"; sourceTree = "<group>"; };
		8DFF64D71FFCD5A7007D462D /* HXBCaptchaValidateView.swift */ = {isa = PBXFileReference; lastKnownFileType = sourcecode.swift; path = HXBCaptchaValidateView.swift; sourceTree = "<group>"; };
		8DFF64D91FFCEDDE007D462D /* HXBNetwork+Common.swift */ = {isa = PBXFileReference; lastKnownFileType = sourcecode.swift; path = "HXBNetwork+Common.swift"; sourceTree = "<group>"; };
		F38D71056305AB893B5BCF7A /* Pods_ZZHxb.framework */ = {isa = PBXFileReference; explicitFileType = wrapper.framework; includeInIndex = 0; path = Pods_ZZHxb.framework; sourceTree = BUILT_PRODUCTS_DIR; };
/* End PBXFileReference section */

/* Begin PBXFrameworksBuildPhase section */
		8D3E61F31FDF79DE008C8E67 /* Frameworks */ = {
			isa = PBXFrameworksBuildPhase;
			buildActionMask = 2147483647;
			files = (
				69D0B5B06B7F6E33C7590971 /* Pods_ZZHxb.framework in Frameworks */,
			);
			runOnlyForDeploymentPostprocessing = 0;
		};
/* End PBXFrameworksBuildPhase section */

/* Begin PBXGroup section */
		380E8555ADE70A3BF663CDF0 /* Pods */ = {
			isa = PBXGroup;
			children = (
				867F36994E02F68D827A3BCC /* Pods-ZZHxb.debug.xcconfig */,
				46746D003AF7626FB602C0DA /* Pods-ZZHxb.release.xcconfig */,
			);
			name = Pods;
			sourceTree = "<group>";
		};
		8D3E61ED1FDF79DE008C8E67 = {
			isa = PBXGroup;
			children = (
				8D3E61F81FDF79DE008C8E67 /* ZZHxb */,
				8D3E61F71FDF79DE008C8E67 /* Products */,
				380E8555ADE70A3BF663CDF0 /* Pods */,
				FA2C361CE3811993822F6BDF /* Frameworks */,
			);
			sourceTree = "<group>";
		};
		8D3E61F71FDF79DE008C8E67 /* Products */ = {
			isa = PBXGroup;
			children = (
				8D3E61F61FDF79DE008C8E67 /* ZZHxb.app */,
			);
			name = Products;
			sourceTree = "<group>";
		};
		8D3E61F81FDF79DE008C8E67 /* ZZHxb */ = {
			isa = PBXGroup;
			children = (
				8D3E620B1FDF7AF4008C8E67 /* Classes */,
				8D3E61F91FDF79DE008C8E67 /* AppDelegate.swift */,
				8D3E62001FDF79DE008C8E67 /* Assets.xcassets */,
				8D3E62051FDF79DE008C8E67 /* Info.plist */,
			);
			path = ZZHxb;
			sourceTree = "<group>";
		};
		8D3E620B1FDF7AF4008C8E67 /* Classes */ = {
			isa = PBXGroup;
			children = (
				8D3E620E1FDF7B53008C8E67 /* Main */,
				8D3E620C1FDF7B3B008C8E67 /* Basics */,
				8D3E621E1FDF7E45008C8E67 /* Network */,
				8D3E62121FDF7BE1008C8E67 /* Configure */,
				8D3E62101FDF7B9F008C8E67 /* Others */,
				8D3E623C1FDFB84A008C8E67 /* Utils */,
				8D3E62111FDF7BBF008C8E67 /* Resource */,
				8D3E620F1FDF7B81008C8E67 /* Vender */,
			);
			path = Classes;
			sourceTree = "<group>";
		};
		8D3E620C1FDF7B3B008C8E67 /* Basics */ = {
			isa = PBXGroup;
			children = (
				8DCC1DA81FEA087500FEA8EF /* Controller */,
				8DCC1DB11FEA087600FEA8EF /* Model */,
				8DCC1DAC1FEA087600FEA8EF /* View */,
				8DCC1DAF1FEA087600FEA8EF /* ViewModel */,
			);
			path = Basics;
			sourceTree = "<group>";
		};
		8D3E620E1FDF7B53008C8E67 /* Main */ = {
			isa = PBXGroup;
			children = (
				8D3E62211FDF7EFD008C8E67 /* Home */,
				8D3E62231FDF7F3A008C8E67 /* Invest */,
				8D3E62221FDF7F34008C8E67 /* Mine */,
			);
			path = Main;
			sourceTree = "<group>";
		};
		8D3E620F1FDF7B81008C8E67 /* Vender */ = {
			isa = PBXGroup;
			children = (
				8D800AC91FE7CA3600694864 /* ZZLib */,
			);
			path = Vender;
			sourceTree = "<group>";
		};
		8D3E62101FDF7B9F008C8E67 /* Others */ = {
			isa = PBXGroup;
			children = (
			);
			path = Others;
			sourceTree = "<group>";
		};
		8D3E62111FDF7BBF008C8E67 /* Resource */ = {
			isa = PBXGroup;
			children = (
				8D3E62471FE0F4DF008C8E67 /* tabbar */,
			);
			path = Resource;
			sourceTree = "<group>";
		};
		8D3E62121FDF7BE1008C8E67 /* Configure */ = {
			isa = PBXGroup;
			children = (
				8D3E62581FE123B6008C8E67 /* HXBNetworkConfig.swift */,
				8D3E62561FE119AD008C8E67 /* HXBColorFontConfig.swift */,
				8D352B6C1FF5DD1D003E5507 /* HXBSizeConfig.swift */,
				8D352B6E1FF5DD46003E5507 /* HXBNotificationConfig.swift */,
				8D3E625C1FE12433008C8E67 /* HXBOtherConfig.swift */,
			);
			path = Configure;
			sourceTree = "<group>";
		};
		8D3E621E1FDF7E45008C8E67 /* Network */ = {
			isa = PBXGroup;
			children = (
				8D3E621F1FDF7E62008C8E67 /* HXBAPI.swift */,
				8D3E623F1FDFB8B8008C8E67 /* HXBNetworkManager.swift */,
				8D3E62411FDFB909008C8E67 /* HXBRequestApi.swift */,
				8DE9141D1FE3C97E00FAEE68 /* HXBNetworkError.swift */,
				8DE9141F1FE3D14000FAEE68 /* HXBNetworkHUDDelegate.swift */,
				8DE914211FE3D59D00FAEE68 /* HXBNetActivityManager.swift */,
				8D7F60D51FE7C3B6007FC57D /* HXBNetwork.swift */,
				8D7F60D31FE7C383007FC57D /* HXBNetwork+Account.swift */,
				8DFF64D51FFCC582007D462D /* HXBNetwork+SignInSignUp.swift */,
				8DFF64D91FFCEDDE007D462D /* HXBNetwork+Common.swift */,
			);
			path = Network;
			sourceTree = "<group>";
		};
		8D3E62211FDF7EFD008C8E67 /* Home */ = {
			isa = PBXGroup;
			children = (
				8D3E622F1FDF7FC8008C8E67 /* Controller */,
				8D3E622D1FDF7FC7008C8E67 /* Model */,
				8D3E622E1FDF7FC7008C8E67 /* View */,
				8D3E62301FDF7FC8008C8E67 /* ViewModel */,
			);
			path = Home;
			sourceTree = "<group>";
		};
		8D3E62221FDF7F34008C8E67 /* Mine */ = {
			isa = PBXGroup;
			children = (
				8DCC1D951FE8FF9100FEA8EF /* SignInSignUp */,
				8D3E622A1FDF7FAB008C8E67 /* Controller */,
				8D3E622B1FDF7FAB008C8E67 /* Model */,
				8D3E62291FDF7FAB008C8E67 /* View */,
				8D3E622C1FDF7FAB008C8E67 /* ViewModel */,
			);
			path = Mine;
			sourceTree = "<group>";
		};
		8D3E62231FDF7F3A008C8E67 /* Invest */ = {
			isa = PBXGroup;
			children = (
				8D3E62341FDF7FF4008C8E67 /* Controller */,
				8D3E62311FDF7FF3008C8E67 /* Model */,
				8D3E62331FDF7FF4008C8E67 /* View */,
				8D3E62321FDF7FF3008C8E67 /* ViewModel */,
			);
			path = Invest;
			sourceTree = "<group>";
		};
		8D3E62291FDF7FAB008C8E67 /* View */ = {
			isa = PBXGroup;
			children = (
				8DE914081FE2266C00FAEE68 /* Cell */,
				8DE914131FE24CF700FAEE68 /* HXBMineHeaderView.swift */,
			);
			path = View;
			sourceTree = "<group>";
		};
		8D3E622A1FDF7FAB008C8E67 /* Controller */ = {
			isa = PBXGroup;
			children = (
				8D3E62381FDF8038008C8E67 /* HXBMineController.swift */,
			);
			path = Controller;
			sourceTree = "<group>";
		};
		8D3E622B1FDF7FAB008C8E67 /* Model */ = {
			isa = PBXGroup;
			children = (
				8DE9140F1FE22F9C00FAEE68 /* HXBMineCellModel.swift */,
			);
			path = Model;
			sourceTree = "<group>";
		};
		8D3E622C1FDF7FAB008C8E67 /* ViewModel */ = {
			isa = PBXGroup;
			children = (
				8DE9140D1FE22EF800FAEE68 /* HXBMineViewModel.swift */,
			);
			path = ViewModel;
			sourceTree = "<group>";
		};
		8D3E622D1FDF7FC7008C8E67 /* Model */ = {
			isa = PBXGroup;
			children = (
			);
			path = Model;
			sourceTree = "<group>";
		};
		8D3E622E1FDF7FC7008C8E67 /* View */ = {
			isa = PBXGroup;
			children = (
			);
			path = View;
			sourceTree = "<group>";
		};
		8D3E622F1FDF7FC8008C8E67 /* Controller */ = {
			isa = PBXGroup;
			children = (
				8D3E623A1FDF804C008C8E67 /* HXBHomeController.swift */,
			);
			path = Controller;
			sourceTree = "<group>";
		};
		8D3E62301FDF7FC8008C8E67 /* ViewModel */ = {
			isa = PBXGroup;
			children = (
			);
			path = ViewModel;
			sourceTree = "<group>";
		};
		8D3E62311FDF7FF3008C8E67 /* Model */ = {
			isa = PBXGroup;
			children = (
			);
			path = Model;
			sourceTree = "<group>";
		};
		8D3E62321FDF7FF3008C8E67 /* ViewModel */ = {
			isa = PBXGroup;
			children = (
			);
			path = ViewModel;
			sourceTree = "<group>";
		};
		8D3E62331FDF7FF4008C8E67 /* View */ = {
			isa = PBXGroup;
			children = (
			);
			path = View;
			sourceTree = "<group>";
		};
		8D3E62341FDF7FF4008C8E67 /* Controller */ = {
			isa = PBXGroup;
			children = (
				8D3E62351FDF8016008C8E67 /* HXBInvestController.swift */,
			);
			path = Controller;
			sourceTree = "<group>";
		};
		8D3E623C1FDFB84A008C8E67 /* Utils */ = {
			isa = PBXGroup;
			children = (
				8DE914281FE76E2000FAEE68 /* HXBKeyChain.swift */,
				8D3E623D1FDFB873008C8E67 /* HXBRootVCManager.swift */,
				8D3E625A1FE123EF008C8E67 /* HXBSVGUtil.swift */,
				8DE914111FE2478A00FAEE68 /* UIView+HXB.swift */,
				8DE914151FE2527B00FAEE68 /* UILabel+HXB.swift */,
				8DE914191FE3BECB00FAEE68 /* UIImage+HXB.swift */,
				8DCC1DBE1FEA0A0400FEA8EF /* UIImageView+HXB.swift */,
				8DCC1DC01FEA3F5900FEA8EF /* UIButton+HXB.swift */,
				8DCC1D9E1FE91E9300FEA8EF /* UIViewController+HXB.swift */,
				8DFF64D31FFCB26D007D462D /* JSON+HXB.swift */,
			);
			path = Utils;
			sourceTree = "<group>";
		};
		8D3E62471FE0F4DF008C8E67 /* tabbar */ = {
			isa = PBXGroup;
			children = (
				8D3E62481FE0F4DF008C8E67 /* tabbar_home.svg */,
				8D3E62491FE0F4DF008C8E67 /* tabbar_home_selected.svg */,
				8D3E624A1FE0F4DF008C8E67 /* tabbar_investment.svg */,
				8D3E624B1FE0F4DF008C8E67 /* tabbar_investment_selected.svg */,
				8D3E624C1FE0F4DF008C8E67 /* tabbar_mine.svg */,
				8D3E624D1FE0F4DF008C8E67 /* tabbar_mine_selected.svg */,
			);
			path = tabbar;
			sourceTree = "<group>";
		};
		8D800AC91FE7CA3600694864 /* ZZLib */ = {
			isa = PBXGroup;
			children = (
				8D800AF21FE7CA4000694864 /* ZZCollection.swift */,
				8D800ACA1FE7CA3F00694864 /* ZZCustom */,
				8D800AD71FE7CA4000694864 /* ZZExtension */,
				8D800AD61FE7CA3F00694864 /* ZZLib.swift */,
			);
			path = ZZLib;
			sourceTree = "<group>";
		};
		8D800ACA1FE7CA3F00694864 /* ZZCustom */ = {
			isa = PBXGroup;
			children = (
				8D800ACB1FE7CA3F00694864 /* ZZAudioTool.swift */,
				8D800ACC1FE7CA3F00694864 /* ZZButton.swift */,
				8D800ACD1FE7CA3F00694864 /* ZZCircleProgressView.swift */,
				8D800ACE1FE7CA3F00694864 /* ZZHud.swift */,
				8D800AD01FE7CA3F00694864 /* ZZRefresh */,
			);
			name = ZZCustom;
			path = ../../../../../../../../../Documents/github_lib/ZZLib/Source/ZZCustom;
			sourceTree = "<group>";
		};
		8D800AD01FE7CA3F00694864 /* ZZRefresh */ = {
			isa = PBXGroup;
			children = (
				8D800AD11FE7CA3F00694864 /* UIScrollView+ZZRefresh.swift */,
				8D800AD21FE7CA3F00694864 /* ZZRefresh.swift */,
				8D800AD31FE7CA3F00694864 /* ZZRefreshFooter.swift */,
				8D800AD41FE7CA3F00694864 /* ZZRefreshHeader.swift */,
				8D800AD51FE7CA3F00694864 /* ZZRefreshView.swift */,
			);
			path = ZZRefresh;
			sourceTree = "<group>";
		};
		8D800AD71FE7CA4000694864 /* ZZExtension */ = {
			isa = PBXGroup;
			children = (
				8D800AD81FE7CA4000694864 /* ZZNSExtension */,
				8D800AE31FE7CA4000694864 /* ZZUIExtension */,
			);
			name = ZZExtension;
			path = ../../../../../../../../../Documents/github_lib/ZZLib/Source/ZZExtension;
			sourceTree = "<group>";
		};
		8D800AD81FE7CA4000694864 /* ZZNSExtension */ = {
			isa = PBXGroup;
			children = (
				8D800AD91FE7CA4000694864 /* Calendar+ZZExtension.swift */,
				8D800ADA1FE7CA4000694864 /* CGRect+ZZExtension.swift */,
				8D800ADB1FE7CA4000694864 /* Data+ZZExtension.swift */,
				8D800ADC1FE7CA4000694864 /* Date+ZZExtension.swift */,
				8D800ADD1FE7CA4000694864 /* DateFormatter+ZZExtension.swift */,
				8D800ADE1FE7CA4000694864 /* DispatchQueue+ZZExtension.swift */,
				8D800ADF1FE7CA4000694864 /* Locale+ZZExtension.swift */,
				8D800AE01FE7CA4000694864 /* NSNumber+ZZExtension.swift */,
				8D800AE11FE7CA4000694864 /* NSObject+ZZExtension.swift */,
				8D800AE21FE7CA4000694864 /* String+ZZExtension.swift */,
			);
			path = ZZNSExtension;
			sourceTree = "<group>";
		};
		8D800AE31FE7CA4000694864 /* ZZUIExtension */ = {
			isa = PBXGroup;
			children = (
				8D800AE41FE7CA4000694864 /* UIAlertController+ZZExtension.swift */,
				8D800AE51FE7CA4000694864 /* UIApplication+ZZExtension.swift */,
				8D800AE61FE7CA4000694864 /* UIButton+ZZExtension.swift */,
				8D800AE71FE7CA4000694864 /* UIColor+ZZExtension.swift */,
				8D800AE81FE7CA4000694864 /* UIDevice+ZZExtension.swift */,
				8D800AE91FE7CA4000694864 /* UIFont+ZZExtension.swift */,
				8D800AEA1FE7CA4000694864 /* UIImage+ZZExtension.swift */,
				8D800AEB1FE7CA4000694864 /* UIImageView+ZZExtension.swift */,
				8D800AEC1FE7CA4000694864 /* UILabel+ZZExtension.swift */,
				8D800AED1FE7CA4000694864 /* UISceen+ZZExtension.swift */,
				8D800AEE1FE7CA4000694864 /* UIScrollView+ZZExtension.swift */,
				8D800AEF1FE7CA4000694864 /* UITableView+ZZExtension.swift */,
				8D800AF01FE7CA4000694864 /* UITextField+ZZExtension.swift */,
				8D800AF11FE7CA4000694864 /* UIView+ZZExtension.swift */,
			);
			path = ZZUIExtension;
			sourceTree = "<group>";
		};
		8DCC1D951FE8FF9100FEA8EF /* SignInSignUp */ = {
			isa = PBXGroup;
			children = (
				8DCC1D971FE8FFCD00FEA8EF /* Controller */,
				8DCC1D981FE8FFCD00FEA8EF /* Model */,
				8DCC1D961FE8FFCD00FEA8EF /* View */,
				8DCC1D991FE8FFCD00FEA8EF /* ViewModel */,
			);
			path = SignInSignUp;
			sourceTree = "<group>";
		};
		8DCC1D961FE8FFCD00FEA8EF /* View */ = {
			isa = PBXGroup;
			children = (
				8DCC1DA61FEA06B200FEA8EF /* HXBNavWaveView.swift */,
				8DCC1DA41FEA065800FEA8EF /* HXBSingleWaveView.swift */,
				8DFF64D71FFCD5A7007D462D /* HXBCaptchaValidateView.swift */,
			);
			path = View;
			sourceTree = "<group>";
		};
		8DCC1D971FE8FFCD00FEA8EF /* Controller */ = {
			isa = PBXGroup;
			children = (
				8DCC1D9A1FE9002E00FEA8EF /* HXBSignInController.swift */,
				8D352B721FFC7E48003E5507 /* HXBStartSignUpController.swift */,
				8DCC1DA21FE9FC3900FEA8EF /* HXBSignUpController.swift */,
			);
			path = Controller;
			sourceTree = "<group>";
		};
		8DCC1D981FE8FFCD00FEA8EF /* Model */ = {
			isa = PBXGroup;
			children = (
			);
			path = Model;
			sourceTree = "<group>";
		};
		8DCC1D991FE8FFCD00FEA8EF /* ViewModel */ = {
			isa = PBXGroup;
			children = (
				8D352B761FFCA7AC003E5507 /* HXBSignUpViewModel.swift */,
			);
			path = ViewModel;
			sourceTree = "<group>";
		};
		8DCC1DA81FEA087500FEA8EF /* Controller */ = {
			isa = PBXGroup;
			children = (
				8DCC1DA91FEA087500FEA8EF /* HXBNavigationController.swift */,
				8DCC1DAA1FEA087500FEA8EF /* HXBTabBarController.swift */,
				8DCC1DAB1FEA087500FEA8EF /* HXBViewController.swift */,
			);
			path = Controller;
			sourceTree = "<group>";
		};
		8DCC1DAC1FEA087600FEA8EF /* View */ = {
			isa = PBXGroup;
			children = (
				8DCC1DAD1FEA087600FEA8EF /* HXBSettingTableViewCell.swift */,
				8DCC1DAE1FEA087600FEA8EF /* HXBTableView.swift */,
				8DCC1DBA1FEA08FF00FEA8EF /* HXBInputFieldView.swift */,
				8D69F7231FFDFC5B001A731A /* HXBHUD.swift */,
			);
			path = View;
			sourceTree = "<group>";
		};
		8DCC1DAF1FEA087600FEA8EF /* ViewModel */ = {
			isa = PBXGroup;
			children = (
				8DCC1DB01FEA087600FEA8EF /* HXBViewModel.swift */,
			);
			path = ViewModel;
			sourceTree = "<group>";
		};
		8DCC1DB11FEA087600FEA8EF /* Model */ = {
			isa = PBXGroup;
			children = (
				8DCC1DB21FEA087600FEA8EF /* HXBModel.swift */,
			);
			path = Model;
			sourceTree = "<group>";
		};
		8DE914081FE2266C00FAEE68 /* Cell */ = {
			isa = PBXGroup;
			children = (
				8DE9140B1FE22B9D00FAEE68 /* HXBMineCell.swift */,
			);
			path = Cell;
			sourceTree = "<group>";
		};
		FA2C361CE3811993822F6BDF /* Frameworks */ = {
			isa = PBXGroup;
			children = (
				F38D71056305AB893B5BCF7A /* Pods_ZZHxb.framework */,
			);
			name = Frameworks;
			sourceTree = "<group>";
		};
/* End PBXGroup section */

/* Begin PBXNativeTarget section */
		8D3E61F51FDF79DE008C8E67 /* ZZHxb */ = {
			isa = PBXNativeTarget;
			buildConfigurationList = 8D3E62081FDF79DE008C8E67 /* Build configuration list for PBXNativeTarget "ZZHxb" */;
			buildPhases = (
				3A3EB766B68D5DAFBE570913 /* [CP] Check Pods Manifest.lock */,
				8D3E61F21FDF79DE008C8E67 /* Sources */,
				8D3E61F31FDF79DE008C8E67 /* Frameworks */,
				8D3E61F41FDF79DE008C8E67 /* Resources */,
				C9EF7BE30DD384D33531B9ED /* [CP] Embed Pods Frameworks */,
				3646A8D375C1BE7EB8764F16 /* [CP] Copy Pods Resources */,
			);
			buildRules = (
			);
			dependencies = (
			);
			name = ZZHxb;
			productName = ZZHxb;
			productReference = 8D3E61F61FDF79DE008C8E67 /* ZZHxb.app */;
			productType = "com.apple.product-type.application";
		};
/* End PBXNativeTarget section */

/* Begin PBXProject section */
		8D3E61EE1FDF79DE008C8E67 /* Project object */ = {
			isa = PBXProject;
			attributes = {
				LastSwiftUpdateCheck = 0920;
				LastUpgradeCheck = 0920;
				ORGANIZATIONNAME = lixiangzhou;
				TargetAttributes = {
					8D3E61F51FDF79DE008C8E67 = {
						CreatedOnToolsVersion = 9.2;
						ProvisioningStyle = Automatic;
					};
				};
			};
			buildConfigurationList = 8D3E61F11FDF79DE008C8E67 /* Build configuration list for PBXProject "ZZHxb" */;
			compatibilityVersion = "Xcode 8.0";
			developmentRegion = en;
			hasScannedForEncodings = 0;
			knownRegions = (
				en,
				Base,
			);
			mainGroup = 8D3E61ED1FDF79DE008C8E67;
			productRefGroup = 8D3E61F71FDF79DE008C8E67 /* Products */;
			projectDirPath = "";
			projectRoot = "";
			targets = (
				8D3E61F51FDF79DE008C8E67 /* ZZHxb */,
			);
		};
/* End PBXProject section */

/* Begin PBXResourcesBuildPhase section */
		8D3E61F41FDF79DE008C8E67 /* Resources */ = {
			isa = PBXResourcesBuildPhase;
			buildActionMask = 2147483647;
			files = (
				8D3E62011FDF79DE008C8E67 /* Assets.xcassets in Resources */,
				8D3E624E1FE0F4DF008C8E67 /* tabbar_home.svg in Resources */,
				8D3E62531FE0F4DF008C8E67 /* tabbar_mine_selected.svg in Resources */,
				8D3E624F1FE0F4DF008C8E67 /* tabbar_home_selected.svg in Resources */,
				8D3E62521FE0F4DF008C8E67 /* tabbar_mine.svg in Resources */,
				8D3E62501FE0F4DF008C8E67 /* tabbar_investment.svg in Resources */,
				8D3E62511FE0F4DF008C8E67 /* tabbar_investment_selected.svg in Resources */,
			);
			runOnlyForDeploymentPostprocessing = 0;
		};
/* End PBXResourcesBuildPhase section */

/* Begin PBXShellScriptBuildPhase section */
		3646A8D375C1BE7EB8764F16 /* [CP] Copy Pods Resources */ = {
			isa = PBXShellScriptBuildPhase;
			buildActionMask = 2147483647;
			files = (
			);
			inputPaths = (
			);
			name = "[CP] Copy Pods Resources";
			outputPaths = (
			);
			runOnlyForDeploymentPostprocessing = 0;
			shellPath = /bin/sh;
			shellScript = "\"${SRCROOT}/Pods/Target Support Files/Pods-ZZHxb/Pods-ZZHxb-resources.sh\"\n";
			showEnvVarsInLog = 0;
		};
		3A3EB766B68D5DAFBE570913 /* [CP] Check Pods Manifest.lock */ = {
			isa = PBXShellScriptBuildPhase;
			buildActionMask = 2147483647;
			files = (
			);
			inputPaths = (
				"${PODS_PODFILE_DIR_PATH}/Podfile.lock",
				"${PODS_ROOT}/Manifest.lock",
			);
			name = "[CP] Check Pods Manifest.lock";
			outputPaths = (
				"$(DERIVED_FILE_DIR)/Pods-ZZHxb-checkManifestLockResult.txt",
			);
			runOnlyForDeploymentPostprocessing = 0;
			shellPath = /bin/sh;
			shellScript = "diff \"${PODS_PODFILE_DIR_PATH}/Podfile.lock\" \"${PODS_ROOT}/Manifest.lock\" > /dev/null\nif [ $? != 0 ] ; then\n    # print error to STDERR\n    echo \"error: The sandbox is not in sync with the Podfile.lock. Run 'pod install' or update your CocoaPods installation.\" >&2\n    exit 1\nfi\n# This output is used by Xcode 'outputs' to avoid re-running this script phase.\necho \"SUCCESS\" > \"${SCRIPT_OUTPUT_FILE_0}\"\n";
			showEnvVarsInLog = 0;
		};
		C9EF7BE30DD384D33531B9ED /* [CP] Embed Pods Frameworks */ = {
			isa = PBXShellScriptBuildPhase;
			buildActionMask = 2147483647;
			files = (
			);
			inputPaths = (
				"${SRCROOT}/Pods/Target Support Files/Pods-ZZHxb/Pods-ZZHxb-frameworks.sh",
				"${BUILT_PRODUCTS_DIR}/Alamofire/Alamofire.framework",
				"${BUILT_PRODUCTS_DIR}/HandyJSON/HandyJSON.framework",
				"${BUILT_PRODUCTS_DIR}/KeychainAccess/KeychainAccess.framework",
				"${BUILT_PRODUCTS_DIR}/Kingfisher/Kingfisher.framework",
				"${BUILT_PRODUCTS_DIR}/Macaw/Macaw.framework",
				"${BUILT_PRODUCTS_DIR}/Neon/Neon.framework",
				"${BUILT_PRODUCTS_DIR}/ReactiveCocoa/ReactiveCocoa.framework",
				"${BUILT_PRODUCTS_DIR}/ReactiveSwift/ReactiveSwift.framework",
				"${BUILT_PRODUCTS_DIR}/Result/Result.framework",
				"${BUILT_PRODUCTS_DIR}/SWXMLHash/SWXMLHash.framework",
				"${BUILT_PRODUCTS_DIR}/SnapKit/SnapKit.framework",
				"${BUILT_PRODUCTS_DIR}/SwiftyBeaver/SwiftyBeaver.framework",
				"${BUILT_PRODUCTS_DIR}/SwiftyJSON/SwiftyJSON.framework",
			);
			name = "[CP] Embed Pods Frameworks";
			outputPaths = (
				"${TARGET_BUILD_DIR}/${FRAMEWORKS_FOLDER_PATH}/Alamofire.framework",
				"${TARGET_BUILD_DIR}/${FRAMEWORKS_FOLDER_PATH}/HandyJSON.framework",
				"${TARGET_BUILD_DIR}/${FRAMEWORKS_FOLDER_PATH}/KeychainAccess.framework",
				"${TARGET_BUILD_DIR}/${FRAMEWORKS_FOLDER_PATH}/Kingfisher.framework",
				"${TARGET_BUILD_DIR}/${FRAMEWORKS_FOLDER_PATH}/Macaw.framework",
				"${TARGET_BUILD_DIR}/${FRAMEWORKS_FOLDER_PATH}/Neon.framework",
				"${TARGET_BUILD_DIR}/${FRAMEWORKS_FOLDER_PATH}/ReactiveCocoa.framework",
				"${TARGET_BUILD_DIR}/${FRAMEWORKS_FOLDER_PATH}/ReactiveSwift.framework",
				"${TARGET_BUILD_DIR}/${FRAMEWORKS_FOLDER_PATH}/Result.framework",
				"${TARGET_BUILD_DIR}/${FRAMEWORKS_FOLDER_PATH}/SWXMLHash.framework",
				"${TARGET_BUILD_DIR}/${FRAMEWORKS_FOLDER_PATH}/SnapKit.framework",
				"${TARGET_BUILD_DIR}/${FRAMEWORKS_FOLDER_PATH}/SwiftyBeaver.framework",
				"${TARGET_BUILD_DIR}/${FRAMEWORKS_FOLDER_PATH}/SwiftyJSON.framework",
			);
			runOnlyForDeploymentPostprocessing = 0;
			shellPath = /bin/sh;
			shellScript = "\"${SRCROOT}/Pods/Target Support Files/Pods-ZZHxb/Pods-ZZHxb-frameworks.sh\"\n";
			showEnvVarsInLog = 0;
		};
/* End PBXShellScriptBuildPhase section */

/* Begin PBXSourcesBuildPhase section */
		8D3E61F21FDF79DE008C8E67 /* Sources */ = {
			isa = PBXSourcesBuildPhase;
			buildActionMask = 2147483647;
			files = (
				8D3E61FA1FDF79DE008C8E67 /* AppDelegate.swift in Sources */,
				8DE9141E1FE3C97E00FAEE68 /* HXBNetworkError.swift in Sources */,
				8DFF64D81FFCD5A7007D462D /* HXBCaptchaValidateView.swift in Sources */,
				8D800B001FE7CA4000694864 /* Data+ZZExtension.swift in Sources */,
				8DCC1DB51FEA087700FEA8EF /* HXBViewController.swift in Sources */,
				8D800B0B1FE7CA4000694864 /* UIColor+ZZExtension.swift in Sources */,
				8D352B6F1FF5DD46003E5507 /* HXBNotificationConfig.swift in Sources */,
				8D800B0D1FE7CA4000694864 /* UIFont+ZZExtension.swift in Sources */,
				8D800B161FE7CA4000694864 /* ZZCollection.swift in Sources */,
				8DCC1DBF1FEA0A0400FEA8EF /* UIImageView+HXB.swift in Sources */,
				8D800B0A1FE7CA4000694864 /* UIButton+ZZExtension.swift in Sources */,
				8D800AF61FE7CA4000694864 /* ZZHud.swift in Sources */,
				8DCC1D9B1FE9002E00FEA8EF /* HXBSignInController.swift in Sources */,
				8D3E623B1FDF804C008C8E67 /* HXBHomeController.swift in Sources */,
				8D69F7241FFDFC5B001A731A /* HXBHUD.swift in Sources */,
				8D800B041FE7CA4000694864 /* Locale+ZZExtension.swift in Sources */,
				8DE9140C1FE22B9D00FAEE68 /* HXBMineCell.swift in Sources */,
				8D800B151FE7CA4000694864 /* UIView+ZZExtension.swift in Sources */,
				8D800AF41FE7CA4000694864 /* ZZButton.swift in Sources */,
				8D800AF31FE7CA4000694864 /* ZZAudioTool.swift in Sources */,
				8D3E62591FE123B6008C8E67 /* HXBNetworkConfig.swift in Sources */,
				8D3E625B1FE123EF008C8E67 /* HXBSVGUtil.swift in Sources */,
				8DE914161FE2527B00FAEE68 /* UILabel+HXB.swift in Sources */,
				8D800B121FE7CA4000694864 /* UIScrollView+ZZExtension.swift in Sources */,
				8DE914121FE2478A00FAEE68 /* UIView+HXB.swift in Sources */,
				8D800AFD1FE7CA4000694864 /* ZZLib.swift in Sources */,
				8DCC1D9F1FE91E9300FEA8EF /* UIViewController+HXB.swift in Sources */,
				8DCC1DB61FEA087700FEA8EF /* HXBSettingTableViewCell.swift in Sources */,
				8D800B031FE7CA4000694864 /* DispatchQueue+ZZExtension.swift in Sources */,
				8D3E62201FDF7E62008C8E67 /* HXBAPI.swift in Sources */,
				8DE914221FE3D59D00FAEE68 /* HXBNetActivityManager.swift in Sources */,
				8DE9141A1FE3BECB00FAEE68 /* UIImage+HXB.swift in Sources */,
				8DE914141FE24CF700FAEE68 /* HXBMineHeaderView.swift in Sources */,
				8D800B061FE7CA4000694864 /* NSObject+ZZExtension.swift in Sources */,
				8DFF64D41FFCB26D007D462D /* JSON+HXB.swift in Sources */,
				8D7F60D61FE7C3B6007FC57D /* HXBNetwork.swift in Sources */,
				8D352B731FFC7E48003E5507 /* HXBStartSignUpController.swift in Sources */,
				8DE914101FE22F9C00FAEE68 /* HXBMineCellModel.swift in Sources */,
				8DFF64D61FFCC582007D462D /* HXBNetwork+SignInSignUp.swift in Sources */,
				8D800B111FE7CA4000694864 /* UISceen+ZZExtension.swift in Sources */,
				8D3E62571FE119AD008C8E67 /* HXBColorFontConfig.swift in Sources */,
				8D800AFB1FE7CA4000694864 /* ZZRefreshHeader.swift in Sources */,
				8DCC1DB81FEA087700FEA8EF /* HXBViewModel.swift in Sources */,
				8D3E623E1FDFB873008C8E67 /* HXBRootVCManager.swift in Sources */,
				8D800B021FE7CA4000694864 /* DateFormatter+ZZExtension.swift in Sources */,
				8DCC1DA31FE9FC3900FEA8EF /* HXBSignUpController.swift in Sources */,
				8D800B011FE7CA4000694864 /* Date+ZZExtension.swift in Sources */,
				8D800AF81FE7CA4000694864 /* UIScrollView+ZZRefresh.swift in Sources */,
				8D800B0F1FE7CA4000694864 /* UIImageView+ZZExtension.swift in Sources */,
				8DCC1DB31FEA087700FEA8EF /* HXBNavigationController.swift in Sources */,
				8DCC1DB41FEA087700FEA8EF /* HXBTabBarController.swift in Sources */,
				8DCC1DA51FEA065800FEA8EF /* HXBSingleWaveView.swift in Sources */,
				8D800B081FE7CA4000694864 /* UIAlertController+ZZExtension.swift in Sources */,
				8D3E625D1FE12433008C8E67 /* HXBOtherConfig.swift in Sources */,
				8D352B6D1FF5DD1D003E5507 /* HXBSizeConfig.swift in Sources */,
				8DCC1DB91FEA087700FEA8EF /* HXBModel.swift in Sources */,
				8DCC1DB71FEA087700FEA8EF /* HXBTableView.swift in Sources */,
				8D800B0E1FE7CA4000694864 /* UIImage+ZZExtension.swift in Sources */,
				8D3E62391FDF8038008C8E67 /* HXBMineController.swift in Sources */,
				8D352B771FFCA7AC003E5507 /* HXBSignUpViewModel.swift in Sources */,
				8DCC1DA71FEA06B200FEA8EF /* HXBNavWaveView.swift in Sources */,
				8D7F60D41FE7C383007FC57D /* HXBNetwork+Account.swift in Sources */,
				8D800AF91FE7CA4000694864 /* ZZRefresh.swift in Sources */,
				8D800B0C1FE7CA4000694864 /* UIDevice+ZZExtension.swift in Sources */,
				8D800B091FE7CA4000694864 /* UIApplication+ZZExtension.swift in Sources */,
				8D3E62401FDFB8B8008C8E67 /* HXBNetworkManager.swift in Sources */,
				8DE9140E1FE22EF800FAEE68 /* HXBMineViewModel.swift in Sources */,
				8D3E62421FDFB909008C8E67 /* HXBRequestApi.swift in Sources */,
				8D800B101FE7CA4000694864 /* UILabel+ZZExtension.swift in Sources */,
				8DFF64DA1FFCEDDE007D462D /* HXBNetwork+Common.swift in Sources */,
				8D800B141FE7CA4000694864 /* UITextField+ZZExtension.swift in Sources */,
				8D800AFF1FE7CA4000694864 /* CGRect+ZZExtension.swift in Sources */,
				8D800B051FE7CA4000694864 /* NSNumber+ZZExtension.swift in Sources */,
				8D800AF51FE7CA4000694864 /* ZZCircleProgressView.swift in Sources */,
				8D800AFA1FE7CA4000694864 /* ZZRefreshFooter.swift in Sources */,
				8D800B071FE7CA4000694864 /* String+ZZExtension.swift in Sources */,
				8DE914201FE3D14000FAEE68 /* HXBNetworkHUDDelegate.swift in Sources */,
				8DCC1DC11FEA3F5900FEA8EF /* UIButton+HXB.swift in Sources */,
				8DE914291FE76E2100FAEE68 /* HXBKeyChain.swift in Sources */,
				8DCC1DBB1FEA08FF00FEA8EF /* HXBInputFieldView.swift in Sources */,
				8D800AFE1FE7CA4000694864 /* Calendar+ZZExtension.swift in Sources */,
				8D800B131FE7CA4000694864 /* UITableView+ZZExtension.swift in Sources */,
				8D3E62361FDF8016008C8E67 /* HXBInvestController.swift in Sources */,
				8D800AFC1FE7CA4000694864 /* ZZRefreshView.swift in Sources */,
			);
			runOnlyForDeploymentPostprocessing = 0;
		};
/* End PBXSourcesBuildPhase section */

/* Begin XCBuildConfiguration section */
		8D3E62061FDF79DE008C8E67 /* Debug */ = {
			isa = XCBuildConfiguration;
			buildSettings = {
				ALWAYS_SEARCH_USER_PATHS = NO;
				CLANG_ANALYZER_NONNULL = YES;
				CLANG_ANALYZER_NUMBER_OBJECT_CONVERSION = YES_AGGRESSIVE;
				CLANG_CXX_LANGUAGE_STANDARD = "gnu++14";
				CLANG_CXX_LIBRARY = "libc++";
				CLANG_ENABLE_MODULES = YES;
				CLANG_ENABLE_OBJC_ARC = YES;
				CLANG_WARN_BLOCK_CAPTURE_AUTORELEASING = YES;
				CLANG_WARN_BOOL_CONVERSION = YES;
				CLANG_WARN_COMMA = YES;
				CLANG_WARN_CONSTANT_CONVERSION = YES;
				CLANG_WARN_DIRECT_OBJC_ISA_USAGE = YES_ERROR;
				CLANG_WARN_DOCUMENTATION_COMMENTS = YES;
				CLANG_WARN_EMPTY_BODY = YES;
				CLANG_WARN_ENUM_CONVERSION = YES;
				CLANG_WARN_INFINITE_RECURSION = YES;
				CLANG_WARN_INT_CONVERSION = YES;
				CLANG_WARN_NON_LITERAL_NULL_CONVERSION = YES;
				CLANG_WARN_OBJC_LITERAL_CONVERSION = YES;
				CLANG_WARN_OBJC_ROOT_CLASS = YES_ERROR;
				CLANG_WARN_RANGE_LOOP_ANALYSIS = YES;
				CLANG_WARN_STRICT_PROTOTYPES = YES;
				CLANG_WARN_SUSPICIOUS_MOVE = YES;
				CLANG_WARN_UNGUARDED_AVAILABILITY = YES_AGGRESSIVE;
				CLANG_WARN_UNREACHABLE_CODE = YES;
				CLANG_WARN__DUPLICATE_METHOD_MATCH = YES;
				CODE_SIGN_IDENTITY = "iPhone Developer";
				COPY_PHASE_STRIP = NO;
				DEBUG_INFORMATION_FORMAT = dwarf;
				ENABLE_STRICT_OBJC_MSGSEND = YES;
				ENABLE_TESTABILITY = YES;
				GCC_C_LANGUAGE_STANDARD = gnu11;
				GCC_DYNAMIC_NO_PIC = NO;
				GCC_NO_COMMON_BLOCKS = YES;
				GCC_OPTIMIZATION_LEVEL = 0;
				GCC_PREPROCESSOR_DEFINITIONS = (
					"DEBUG=1",
					"$(inherited)",
				);
				GCC_WARN_64_TO_32_BIT_CONVERSION = YES;
				GCC_WARN_ABOUT_RETURN_TYPE = YES_ERROR;
				GCC_WARN_UNDECLARED_SELECTOR = YES;
				GCC_WARN_UNINITIALIZED_AUTOS = YES_AGGRESSIVE;
				GCC_WARN_UNUSED_FUNCTION = YES;
				GCC_WARN_UNUSED_VARIABLE = YES;
				IPHONEOS_DEPLOYMENT_TARGET = 11.2;
				MTL_ENABLE_DEBUG_INFO = YES;
				ONLY_ACTIVE_ARCH = YES;
				SDKROOT = iphoneos;
				SWIFT_ACTIVE_COMPILATION_CONDITIONS = DEBUG;
				SWIFT_OPTIMIZATION_LEVEL = "-Onone";
			};
			name = Debug;
		};
		8D3E62071FDF79DE008C8E67 /* Release */ = {
			isa = XCBuildConfiguration;
			buildSettings = {
				ALWAYS_SEARCH_USER_PATHS = NO;
				CLANG_ANALYZER_NONNULL = YES;
				CLANG_ANALYZER_NUMBER_OBJECT_CONVERSION = YES_AGGRESSIVE;
				CLANG_CXX_LANGUAGE_STANDARD = "gnu++14";
				CLANG_CXX_LIBRARY = "libc++";
				CLANG_ENABLE_MODULES = YES;
				CLANG_ENABLE_OBJC_ARC = YES;
				CLANG_WARN_BLOCK_CAPTURE_AUTORELEASING = YES;
				CLANG_WARN_BOOL_CONVERSION = YES;
				CLANG_WARN_COMMA = YES;
				CLANG_WARN_CONSTANT_CONVERSION = YES;
				CLANG_WARN_DIRECT_OBJC_ISA_USAGE = YES_ERROR;
				CLANG_WARN_DOCUMENTATION_COMMENTS = YES;
				CLANG_WARN_EMPTY_BODY = YES;
				CLANG_WARN_ENUM_CONVERSION = YES;
				CLANG_WARN_INFINITE_RECURSION = YES;
				CLANG_WARN_INT_CONVERSION = YES;
				CLANG_WARN_NON_LITERAL_NULL_CONVERSION = YES;
				CLANG_WARN_OBJC_LITERAL_CONVERSION = YES;
				CLANG_WARN_OBJC_ROOT_CLASS = YES_ERROR;
				CLANG_WARN_RANGE_LOOP_ANALYSIS = YES;
				CLANG_WARN_STRICT_PROTOTYPES = YES;
				CLANG_WARN_SUSPICIOUS_MOVE = YES;
				CLANG_WARN_UNGUARDED_AVAILABILITY = YES_AGGRESSIVE;
				CLANG_WARN_UNREACHABLE_CODE = YES;
				CLANG_WARN__DUPLICATE_METHOD_MATCH = YES;
				CODE_SIGN_IDENTITY = "iPhone Developer";
				COPY_PHASE_STRIP = NO;
				DEBUG_INFORMATION_FORMAT = "dwarf-with-dsym";
				ENABLE_NS_ASSERTIONS = NO;
				ENABLE_STRICT_OBJC_MSGSEND = YES;
				GCC_C_LANGUAGE_STANDARD = gnu11;
				GCC_NO_COMMON_BLOCKS = YES;
				GCC_WARN_64_TO_32_BIT_CONVERSION = YES;
				GCC_WARN_ABOUT_RETURN_TYPE = YES_ERROR;
				GCC_WARN_UNDECLARED_SELECTOR = YES;
				GCC_WARN_UNINITIALIZED_AUTOS = YES_AGGRESSIVE;
				GCC_WARN_UNUSED_FUNCTION = YES;
				GCC_WARN_UNUSED_VARIABLE = YES;
				IPHONEOS_DEPLOYMENT_TARGET = 11.2;
				MTL_ENABLE_DEBUG_INFO = NO;
				SDKROOT = iphoneos;
				SWIFT_OPTIMIZATION_LEVEL = "-Owholemodule";
				VALIDATE_PRODUCT = YES;
			};
			name = Release;
		};
		8D3E62091FDF79DE008C8E67 /* Debug */ = {
			isa = XCBuildConfiguration;
			baseConfigurationReference = 867F36994E02F68D827A3BCC /* Pods-ZZHxb.debug.xcconfig */;
			buildSettings = {
				ASSETCATALOG_COMPILER_APPICON_NAME = AppIcon;
				ASSETCATALOG_COMPILER_LAUNCHIMAGE_NAME = LaunchImage;
				CODE_SIGN_STYLE = Automatic;
				DEVELOPMENT_TEAM = Z9M2NMJFP5;
				INFOPLIST_FILE = ZZHxb/Info.plist;
				IPHONEOS_DEPLOYMENT_TARGET = 11.0;
				LD_RUNPATH_SEARCH_PATHS = "$(inherited) @executable_path/Frameworks";
				PRODUCT_BUNDLE_IDENTIFIER = com.lxz.ZZHxb;
				PRODUCT_NAME = "$(TARGET_NAME)";
				SWIFT_VERSION = 4.0;
				TARGETED_DEVICE_FAMILY = 1;
			};
			name = Debug;
		};
		8D3E620A1FDF79DE008C8E67 /* Release */ = {
			isa = XCBuildConfiguration;
			baseConfigurationReference = 46746D003AF7626FB602C0DA /* Pods-ZZHxb.release.xcconfig */;
			buildSettings = {
				ASSETCATALOG_COMPILER_APPICON_NAME = AppIcon;
				ASSETCATALOG_COMPILER_LAUNCHIMAGE_NAME = LaunchImage;
				CODE_SIGN_STYLE = Automatic;
				DEVELOPMENT_TEAM = Z9M2NMJFP5;
				INFOPLIST_FILE = ZZHxb/Info.plist;
				IPHONEOS_DEPLOYMENT_TARGET = 11.0;
				LD_RUNPATH_SEARCH_PATHS = "$(inherited) @executable_path/Frameworks";
				PRODUCT_BUNDLE_IDENTIFIER = com.lxz.ZZHxb;
				PRODUCT_NAME = "$(TARGET_NAME)";
				SWIFT_VERSION = 4.0;
				TARGETED_DEVICE_FAMILY = 1;
			};
			name = Release;
		};
/* End XCBuildConfiguration section */

/* Begin XCConfigurationList section */
		8D3E61F11FDF79DE008C8E67 /* Build configuration list for PBXProject "ZZHxb" */ = {
			isa = XCConfigurationList;
			buildConfigurations = (
				8D3E62061FDF79DE008C8E67 /* Debug */,
				8D3E62071FDF79DE008C8E67 /* Release */,
			);
			defaultConfigurationIsVisible = 0;
			defaultConfigurationName = Release;
		};
		8D3E62081FDF79DE008C8E67 /* Build configuration list for PBXNativeTarget "ZZHxb" */ = {
			isa = XCConfigurationList;
			buildConfigurations = (
				8D3E62091FDF79DE008C8E67 /* Debug */,
				8D3E620A1FDF79DE008C8E67 /* Release */,
			);
			defaultConfigurationIsVisible = 0;
			defaultConfigurationName = Release;
		};
/* End XCConfigurationList section */
	};
	rootObject = 8D3E61EE1FDF79DE008C8E67 /* Project object */;
}
