PODS:
  - Alamofire (4.7.2)
  - HandyJSON (4.1.1)
  - IQKeyboardManagerSwift (6.0.1)
  - KeychainAccess (3.1.1)
  - Kingfisher (4.7.0)
  - Neon (0.4.0)
  - ReactiveCocoa (7.2.0):
    - ReactiveSwift (~> 3.1)
  - ReactiveSwift (3.1.0):
    - Result (~> 3.2)
  - Result (3.2.4)
  - SnapKit (4.0.0)
  - SwiftyBeaver (1.5.2)
  - SwiftyJSON (4.0.0)
  - WKWebViewJavascriptBridge (1.1.0)

DEPENDENCIES:
  - Alamofire
  - HandyJSON
  - IQKeyboardManagerSwift
  - KeychainAccess
  - Kingfisher
  - Neon
  - ReactiveCocoa
  - SnapKit
  - SwiftyBeaver
  - SwiftyJSON
  - WKWebViewJavascriptBridge (~> 1.1.0)

SPEC REPOS:
  https://github.com/CocoaPods/Specs.git:
    - Alamofire
    - HandyJSON
    - IQKeyboardManagerSwift
    - KeychainAccess
    - Kingfisher
    - Neon
    - ReactiveCocoa
    - ReactiveSwift
    - Result
    - SnapKit
    - SwiftyBeaver
    - SwiftyJSON
    - WKWebViewJavascriptBridge

SPEC CHECKSUMS:
  Alamofire: e4fa87002c137ba2d8d634d2c51fabcda0d5c223
  HandyJSON: 3a3de917c4118767ffe41c29b5acba23409649f4
  IQKeyboardManagerSwift: 748d06e0f8134fc28934031e6377da3cf3d4f38c
  KeychainAccess: 7bd430028059754a3debab3cfc0bd1fc7fb85df3
  Kingfisher: da6b005aa96d37698e3e4f1ccfe96a5b9bbf27d6
  Neon: 7fb5a9327e7e57911843f608e08f4893a74deaf9
  ReactiveCocoa: 476dae7ca790f40d30d186a1bd7ebae4290395d5
  ReactiveSwift: 5b26d2e988fe0eed2daf48c4054d1de74db50184
  Result: d2d07204ce72856f1fd9130bbe42c35a7b0fea10
  SnapKit: a42d492c16e80209130a3379f73596c3454b7694
  SwiftyBeaver: 85daaaa2b3ae6e31b7b55c99430e8b91dac088af
  SwiftyJSON: 070dabdcb1beb81b247c65ffa3a79dbbfb3b48aa
  WKWebViewJavascriptBridge: 8da532409bc489ba2c0a69cf38e5d1cd49e3d5e4

PODFILE CHECKSUM: 21f3bada45160fd31c5cea488b99c32b9ce7dd82

COCOAPODS: 1.5.0
